
Microsoft Visual Studio Solution File, Format Version 12.00
# Visual Studio 2015
Project("{FAE04EC0-301F-11D3-BF4B-00C04F79EFBC}") = "QLearning-sokoban", "QLearning-sokoban.csproj", "{9C2F49EB-C513-1520-CB7E-B8EB146D7E44}"
EndProject
Global
	GlobalSection(SolutionConfigurationPlatforms) = preSolution
		Debug|Any CPU = Debug|Any CPU
		Release|Any CPU = Release|Any CPU
	EndGlobalSection
	GlobalSection(ProjectConfigurationPlatforms) = postSolution
		{9C2F49EB-C513-1520-CB7E-B8EB146D7E44}.Debug|Any CPU.ActiveCfg = Debug|Any CPU
		{9C2F49EB-C513-1520-CB7E-B8EB146D7E44}.Debug|Any CPU.Build.0 = Debug|Any CPU
		{9C2F49EB-C513-1520-CB7E-B8EB146D7E44}.Release|Any CPU.ActiveCfg = Release|Any CPU
		{9C2F49EB-C513-1520-CB7E-B8EB146D7E44}.Release|Any CPU.Build.0 = Release|Any CPU
	EndGlobalSection
	GlobalSection(SolutionProperties) = preSolution
		HideSolutionNode = FALSE
	EndGlobalSection
EndGlobal
